
Microsoft Visual Studio Solution File, Format Version 12.00
# Visual Studio Version 16
VisualStudioVersion = 16.0.29306.81
MinimumVisualStudioVersion = 10.0.40219.1
Project("{FAE04EC0-301F-11D3-BF4B-00C04F79EFBC}") = "TestTest", "TestTest.csproj", "{A9A93CB6-1860-44E9-B334-F5F5DE0C8661}"
EndProject
Global
	GlobalSection(SolutionConfigurationPlatforms) = preSolution
		Debug|Any CPU = Debug|Any CPU
		Release|Any CPU = Release|Any CPU
	EndGlobalSection
	GlobalSection(ProjectConfigurationPlatforms) = postSolution
		{A9A93CB6-1860-44E9-B334-F5F5DE0C8661}.Debug|Any CPU.ActiveCfg = Debug|Any CPU
		{A9A93CB6-1860-44E9-B334-F5F5DE0C8661}.Debug|Any CPU.Build.0 = Debug|Any CPU
		{A9A93CB6-1860-44E9-B334-F5F5DE0C8661}.Release|Any CPU.ActiveCfg = Release|Any CPU
		{A9A93CB6-1860-44E9-B334-F5F5DE0C8661}.Release|Any CPU.Build.0 = Release|Any CPU
	EndGlobalSection
	GlobalSection(SolutionProperties) = preSolution
		HideSolutionNode = FALSE
	EndGlobalSection
	GlobalSection(ExtensibilityGlobals) = postSolution
		SolutionGuid = {65926533-E779-4C03-82C4-72BEC36BEF10}
	EndGlobalSection
EndGlobal
